
Microsoft Visual Studio Solution File, Format Version 12.00
# Visual Studio Version 17
VisualStudioVersion = 17.6.33801.468
MinimumVisualStudioVersion = 10.0.40219.1
Project("{9A19103F-16F7-4668-BE54-9A1E7A4F7556}") = "w01", "w01\w01.csproj", "{6AF31A2A-DA6D-4A8A-BFA3-2A72D4BB5C1A}"
EndProject
Project("{9A19103F-16F7-4668-BE54-9A1E7A4F7556}") = "w02", "w02\w02.csproj", "{B082442A-FB0D-41BD-BBA0-B3A329E2B56D}"
EndProject
Project("{FAE04EC0-301F-11D3-BF4B-00C04F79EFBC}") = "w03", "w03\w03.csproj", "{DA501ECB-B2C8-4467-A8EA-1A52551029A1}"
EndProject
Global
	GlobalSection(SolutionConfigurationPlatforms) = preSolution
		Debug|Any CPU = Debug|Any CPU
		Release|Any CPU = Release|Any CPU
	EndGlobalSection
	GlobalSection(ProjectConfigurationPlatforms) = postSolution
		{6AF31A2A-DA6D-4A8A-BFA3-2A72D4BB5C1A}.Debug|Any CPU.ActiveCfg = Debug|Any CPU
		{6AF31A2A-DA6D-4A8A-BFA3-2A72D4BB5C1A}.Debug|Any CPU.Build.0 = Debug|Any CPU
		{6AF31A2A-DA6D-4A8A-BFA3-2A72D4BB5C1A}.Release|Any CPU.ActiveCfg = Release|Any CPU
		{6AF31A2A-DA6D-4A8A-BFA3-2A72D4BB5C1A}.Release|Any CPU.Build.0 = Release|Any CPU
		{B082442A-FB0D-41BD-BBA0-B3A329E2B56D}.Debug|Any CPU.ActiveCfg = Debug|Any CPU
		{B082442A-FB0D-41BD-BBA0-B3A329E2B56D}.Debug|Any CPU.Build.0 = Debug|Any CPU
		{B082442A-FB0D-41BD-BBA0-B3A329E2B56D}.Release|Any CPU.ActiveCfg = Release|Any CPU
		{B082442A-FB0D-41BD-BBA0-B3A329E2B56D}.Release|Any CPU.Build.0 = Release|Any CPU
		{DA501ECB-B2C8-4467-A8EA-1A52551029A1}.Debug|Any CPU.ActiveCfg = Debug|Any CPU
		{DA501ECB-B2C8-4467-A8EA-1A52551029A1}.Debug|Any CPU.Build.0 = Debug|Any CPU
		{DA501ECB-B2C8-4467-A8EA-1A52551029A1}.Release|Any CPU.ActiveCfg = Release|Any CPU
		{DA501ECB-B2C8-4467-A8EA-1A52551029A1}.Release|Any CPU.Build.0 = Release|Any CPU
	EndGlobalSection
	GlobalSection(SolutionProperties) = preSolution
		HideSolutionNode = FALSE
	EndGlobalSection
	GlobalSection(ExtensibilityGlobals) = postSolution
		SolutionGuid = {031A48DC-E7F6-47B4-8AC5-1C643D1167A7}
	EndGlobalSection
EndGlobal
